dependencies:
- name: tpl
  repository: https://gitlab.codeopensrc.com/api/v4/projects/36/packages/helm/stable
  version: 0.9.1
- name: tpl
  repository: https://gitlab.codeopensrc.com/api/v4/projects/36/packages/helm/stable
  version: 0.9.1
digest: sha256:cf9b679798f92b0f43dbda48bc3be36604a0d71b281e6237f6ed350764e39e22
generated: "2024-09-28T22:35:00.75950149-07:00"
