dependencies:
- name: tpl
  repository: https://gitlab.codeopensrc.com/api/v4/projects/36/packages/helm/stable
  version: 0.9.3
- name: tpl
  repository: https://gitlab.codeopensrc.com/api/v4/projects/36/packages/helm/stable
  version: 0.9.3
digest: sha256:f8580c1f35d81de726a28e867af5d5d11ec74ef03cc3062a7a0e2b3594a0c536
generated: "2024-09-29T15:38:11.979582619-07:00"
